{
  "name": "docs",
  "version": "1.0.0",
  "lockfileVersion": 3,
  "requires": true,
  "packages": {
    "": {
      "name": "docs",
      "version": "1.0.0",
      "dependencies": {
        "@langchain/docs-sandbox": "^0.0.23"
      }
    },
    "node_modules/@langchain/docs-sandbox": {
      "version": "0.0.23",
      "resolved": "https://registry.npmjs.org/@langchain/docs-sandbox/-/docs-sandbox-0.0.23.tgz",
      "integrity": "sha512-Qr/txD/+mYKnd7J+nda5dRT1iMS88FP42mKLX8dXh3dIj017G8mKp0sNtHkd9z0mjlPNRy8hlMUhSNV+euP1lQ==",
      "peerDependencies": {
        "react": "^18 || ^19",
        "zod": "^4.3.6"
      }
    }
  }
}
